{
    "_meta": {
        "hash": {
            "sha256": "30c8eba7bbba39df35e1a296a2b745d4be4bde8e8dee3f3c1271959f554a2f39"
        },
        "pipfile-spec": 6,
        "requires": {
            "python_version": "3"
        },
        "sources": [
            {
                "name": "pypi",
                "url": "https://pypi.org/simple",
                "verify_ssl": true
            }
        ]
    },
    "default": {
        "attrs": {
            "hashes": [
                "sha256:149e90d6d8ac20db7a955ad60cf0e6881a3f20d37096140088356da6c716b0b1",
                "sha256:ef6aaac3ca6cd92904cdd0d83f629a15f18053ec84e6432106f7a4d04ae4f5fb"
            ],
            "markers": "python_version >= '2.7' and python_version not in '3.0, 3.1, 3.2, 3.3, 3.4'",
            "version": "==21.2.0"
        },
        "cattrs": {
            "hashes": [
                "sha256:5c121ab06a7cac494813c228721a7feb5a6423b17316eeaebf13f5a03e5b0d53",
                "sha256:901fb2040529ae8fc9d93f48a2cdf7de3e983312ffb2a164ffa4e9847f253af1"
            ],
            "markers": "python_version >= '3.7'",
            "version": "==1.8.0"
        },
        "cdk8s": {
            "hashes": [
                "sha256:079f74737beb2712bac8226abf0a5a1ddb4fba8537dc1dc1b83c53c319eda947",
                "sha256:a07247cf6bd9920b2f536be051d8f3950decfa3affbab5125509ebb6970e93a2"
            ],
            "index": "pypi",
            "version": "==1.1.20"
        },
        "cdk8s-plus-22": {
            "hashes": [
                "sha256:6a70f9e7833a1cfd32b025beba8c3d3e6779c857d1e2e96c2706ade169def2f9",
                "sha256:fd8af7d0e9c53f6c406d486baa40d3ea496def97b03414255d4fe9e61f5aeed7"
            ],
            "index": "pypi",
            "version": "==1.0.0b27"
        },
        "constructs": {
            "hashes": [
                "sha256:2b33c412ff0f1d21205d85f778e4594a35c9c98b65cb47fea7533fbe40de1730",
                "sha256:3215f2a3628584ad8e6a5ebabf4e1cc0b125367f2347e6fa0d9ccfd735ac2bbb"
            ],
            "index": "pypi",
            "version": "==3.3.161"
        },
        "jsii": {
            "hashes": [
                "sha256:5d312cd7334fb1eae03ef03157231f28542149e01884a7f93ee4cf185c61a29c",
                "sha256:b39c1da808d9f32a66d0162a8ad83b38b1e6e1486251d4d1ea1822361d764a26"
            ],
            "markers": "python_version ~= '3.6'",
            "version": "==1.41.0"
        },
        "publication": {
            "hashes": [
                "sha256:0248885351febc11d8a1098d5c8e3ab2dabcf3e8c0c96db1e17ecd12b53afbe6",
                "sha256:68416a0de76dddcdd2930d1c8ef853a743cc96c82416c4e4d3b5d901c6276dc4"
            ],
            "version": "==0.0.3"
        },
        "python-dateutil": {
            "hashes": [
                "sha256:0123cacc1627ae19ddf3c27a5de5bd67ee4586fbdd6440d9748f8abb483d3e86",
                "sha256:961d03dc3453ebbc59dbdea9e4e11c5651520a876d0f4db161e8674aae935da9"
            ],
            "markers": "python_version >= '2.7' and python_version not in '3.0, 3.1, 3.2, 3.3'",
            "version": "==2.8.2"
        },
        "six": {
            "hashes": [
                "sha256:1e61c37477a1626458e36f7b1d82aa5c9b094fa4802892072e49de9c60c4c926",
                "sha256:8abb2f1d86890a2dfb989f9a77cfcfd3e47c2a354b01111771326f8aa26e0254"
            ],
            "markers": "python_version >= '2.7' and python_version not in '3.0, 3.1, 3.2, 3.3'",
            "version": "==1.16.0"
        },
        "typing-extensions": {
            "hashes": [
                "sha256:49f75d16ff11f1cd258e1b988ccff82a3ca5570217d7ad8c5f48205dd99a677e",
                "sha256:d8226d10bc02a29bcc81df19a26e56a9647f8b0a6d4a83924139f4a8b01f17b7",
                "sha256:f1d25edafde516b146ecd0613dabcc61409817af4766fbbcfb8d1ad4ec441a34"
            ],
            "version": "==3.10.0.2"
        }
    },
    "develop": {}
}
